
Microsoft Visual Studio Solution File, Format Version 12.00
# Visual Studio Version 17
VisualStudioVersion = 17.12.35707.178 d17.12
MinimumVisualStudioVersion = 10.0.40219.1
Project("{FAE04EC0-301F-11D3-BF4B-00C04F79EFBC}") = "FitnessTrackerLast", "FitnessTrackerLast.csproj", "{A7352D31-1636-4BD6-9738-A833C4C71878}"
EndProject
Global
	GlobalSection(SolutionConfigurationPlatforms) = preSolution
		Debug|Any CPU = Debug|Any CPU
		Release|Any CPU = Release|Any CPU
	EndGlobalSection
	GlobalSection(ProjectConfigurationPlatforms) = postSolution
		{A7352D31-1636-4BD6-9738-A833C4C71878}.Debug|Any CPU.ActiveCfg = Debug|Any CPU
		{A7352D31-1636-4BD6-9738-A833C4C71878}.Debug|Any CPU.Build.0 = Debug|Any CPU
		{A7352D31-1636-4BD6-9738-A833C4C71878}.Release|Any CPU.ActiveCfg = Release|Any CPU
		{A7352D31-1636-4BD6-9738-A833C4C71878}.Release|Any CPU.Build.0 = Release|Any CPU
	EndGlobalSection
	GlobalSection(SolutionProperties) = preSolution
		HideSolutionNode = FALSE
	EndGlobalSection
EndGlobal
